# This file is generated by running "yarn install" inside your project.
# Manual changes might be lost - proceed with caution!

__metadata:
  version: 4
  cacheKey: 7

"@popperjs/core@npm:^2.9.2":
  version: 2.9.2
  resolution: "@popperjs/core@npm:2.9.2"
  checksum: cc4de8b46fc190805619224f1c683bee6a162276430af3728d35087099ad83a80da3c11c4eac7cb2b5aa2fa59d4c7c689e211a3e955136588ed6dedb5bff32c5
  languageName: node
  linkType: hard

"PortfolioPage_FS3@workspace:.":
  version: 0.0.0-use.local
  resolution: "PortfolioPage_FS3@workspace:."
  dependencies:
    "@popperjs/core": ^2.9.2
    aos: ^2.3.4
    bootstrap: ^5.0.2
    emailjs-com: ^3.1.0
    typed.js: ^2.0.12
    validate.js: ^0.13.1
    venobox: ^1.9.3
    waypoints: ^4.0.1
  dependenciesMeta:
    typed.js@2.0.12:
      unplugged: true
  languageName: unknown
  linkType: soft

"aos@npm:^2.3.4":
  version: 2.3.4
  resolution: "aos@npm:2.3.4"
  dependencies:
    classlist-polyfill: ^1.0.3
    lodash.debounce: ^4.0.6
    lodash.throttle: ^4.0.1
  checksum: f32d309c30e6404b370cdef6542560f16df394a11e6d4d101c75f54db5c858d3c5d5e30156eab6cace8cbfb85fcd723b4114af4581670720aee7809312890c92
  languageName: node
  linkType: hard

"bootstrap@npm:^5.0.2":
  version: 5.0.2
  resolution: "bootstrap@npm:5.0.2"
  peerDependencies:
    "@popperjs/core": ^2.9.2
  checksum: 5074006f6bdd28f476c9154c3b0945997ad16999564d9b1f0f5aea1ed2083eeeda12619be87ec47da88ff131d6a06a42fea739794c54f487434a14f849c4c187
  languageName: node
  linkType: hard

"classlist-polyfill@npm:^1.0.3":
  version: 1.2.0
  resolution: "classlist-polyfill@npm:1.2.0"
  checksum: 17b18e3ef8a3f57423afb132cec8032e3751c5e2bca8ce5783d4167c967ad48f693910dd74abb0f4716ce2099eba79cfa593d2eb76ceea6f8413c53101a8177a
  languageName: node
  linkType: hard

"emailjs-com@npm:^3.1.0":
  version: 3.1.0
  resolution: "emailjs-com@npm:3.1.0"
  checksum: 3f39f9837546352b091d5b9e4789678f360766d45e6d112f7668fda8a77f411767e067827bd92b35e6edef3250104f71afca794b0158e632c117830d7ade6b6f
  languageName: node
  linkType: hard

"jquery@npm:>=1.7.0":
  version: 3.6.0
  resolution: "jquery@npm:3.6.0"
  checksum: a0a819022a1bdff5efa79bbd9d4d7352de5bd32dabe42108e6ec0797238dba36c09c108e0eea2724f5d03acc1b30ee87d76bec80e15b9510106532292ebe6ba4
  languageName: node
  linkType: hard

"lodash.debounce@npm:^4.0.6":
  version: 4.0.8
  resolution: "lodash.debounce@npm:4.0.8"
  checksum: b6042bd8c09ff1961c9127d32266316bc21f946ece5e3464a663ec61fadb98e7d56ec0ef7e23b47d393695310c19cf24e651c1756be6da91ac02c72be7f79465
  languageName: node
  linkType: hard

"lodash.throttle@npm:^4.0.1":
  version: 4.1.1
  resolution: "lodash.throttle@npm:4.1.1"
  checksum: d9107c79033f609f23552f48f5ba93b8a98a07a2b38914745a48d33f18704a4c6a125610ad2bab2a0139974d1da7c5d6a24271243e21571f01e21bf3b2f6b21d
  languageName: node
  linkType: hard

"typed.js@npm:^2.0.12":
  version: 2.0.12
  resolution: "typed.js@npm:2.0.12"
  checksum: b17ed74438fc525877252e156c6a5471b352e7a74ff72be51c73a7b223159d5d0f38ef8f83ac5913fce16cbb66193f67ae6dc29b2609a655a92b042cb9d12342
  languageName: node
  linkType: hard

"validate.js@npm:^0.13.1":
  version: 0.13.1
  resolution: "validate.js@npm:0.13.1"
  checksum: 74e4ba95d8ee6e8c43b38f53f0ce4f5b300a57780c994b563ff181d5ff2a544edc5be18f8cc7d8841e47e8f453d7fb05f0a89c0207159c994ba68fd37e069432
  languageName: node
  linkType: hard

"venobox@npm:^1.9.3":
  version: 1.9.3
  resolution: "venobox@npm:1.9.3"
  dependencies:
    jquery: ">=1.7.0"
  checksum: a12e40cefa3234eb649ad98fc0b136dc9a52e8c66d4a35bfde08fdcc5ebd55ea645f04ba173e66f575a831d459d6f27a66d7a58375b3449cd0c957e30cc988a6
  languageName: node
  linkType: hard

"waypoints@npm:^4.0.1":
  version: 4.0.1
  resolution: "waypoints@npm:4.0.1"
  checksum: 2a1bd02e6980fa9a1b9e70df30af2707d91e30d0553cb99bd20c494ec405c975b431a397067387be7dd10250388488725caf125f931f9538aae3ef754e612d17
  languageName: node
  linkType: hard
